
Microsoft Visual Studio Solution File, Format Version 11.00
# Visual Studio 2010
Project("{FAE04EC0-301F-11D3-BF4B-00C04F79EFBC}") = "DockApplication", "DockApplication\DockApplication.csproj", "{5632FEB9-DFE6-455A-91D3-3D973F4B2CAF}"
EndProject
Project("{FAE04EC0-301F-11D3-BF4B-00C04F79EFBC}") = "Sharpend", "..\..\Sharpend\Sharpend.csproj", "{94641ABA-736F-4D76-BD1B-99C45313F988}"
EndProject
Global
	GlobalSection(SolutionConfigurationPlatforms) = preSolution
		Debug|x86 = Debug|x86
		Release|x86 = Release|x86
	EndGlobalSection
	GlobalSection(ProjectConfigurationPlatforms) = postSolution
		{5632FEB9-DFE6-455A-91D3-3D973F4B2CAF}.Debug|x86.ActiveCfg = Debug|x86
		{5632FEB9-DFE6-455A-91D3-3D973F4B2CAF}.Debug|x86.Build.0 = Debug|x86
		{5632FEB9-DFE6-455A-91D3-3D973F4B2CAF}.Release|x86.ActiveCfg = Release|x86
		{5632FEB9-DFE6-455A-91D3-3D973F4B2CAF}.Release|x86.Build.0 = Release|x86
		{94641ABA-736F-4D76-BD1B-99C45313F988}.Debug|x86.ActiveCfg = Debug|Any CPU
		{94641ABA-736F-4D76-BD1B-99C45313F988}.Debug|x86.Build.0 = Debug|Any CPU
		{94641ABA-736F-4D76-BD1B-99C45313F988}.Release|x86.ActiveCfg = Release|Any CPU
		{94641ABA-736F-4D76-BD1B-99C45313F988}.Release|x86.Build.0 = Release|Any CPU
	EndGlobalSection
	GlobalSection(MonoDevelopProperties) = preSolution
		StartupItem = DockApplication\DockApplication.csproj
	EndGlobalSection
EndGlobal
